
Microsoft Visual Studio Solution File, Format Version 12.00
# Visual Studio Version 16
VisualStudioVersion = 16.0.34601.136
MinimumVisualStudioVersion = 10.0.40219.1
Project("{FAE04EC0-301F-11D3-BF4B-00C04F79EFBC}") = "exercicio_2", "exercicio_2\exercicio_2.csproj", "{FFBACFE2-D445-4CB6-9D76-7D20D726223A}"
EndProject
Global
	GlobalSection(SolutionConfigurationPlatforms) = preSolution
		Debug|Any CPU = Debug|Any CPU
		Release|Any CPU = Release|Any CPU
	EndGlobalSection
	GlobalSection(ProjectConfigurationPlatforms) = postSolution
		{FFBACFE2-D445-4CB6-9D76-7D20D726223A}.Debug|Any CPU.ActiveCfg = Debug|Any CPU
		{FFBACFE2-D445-4CB6-9D76-7D20D726223A}.Debug|Any CPU.Build.0 = Debug|Any CPU
		{FFBACFE2-D445-4CB6-9D76-7D20D726223A}.Release|Any CPU.ActiveCfg = Release|Any CPU
		{FFBACFE2-D445-4CB6-9D76-7D20D726223A}.Release|Any CPU.Build.0 = Release|Any CPU
	EndGlobalSection
	GlobalSection(SolutionProperties) = preSolution
		HideSolutionNode = FALSE
	EndGlobalSection
	GlobalSection(ExtensibilityGlobals) = postSolution
		SolutionGuid = {550F9C9D-EBF2-4EEB-A80D-03BB23A6DFE1}
	EndGlobalSection
EndGlobal
